
Microsoft Visual Studio Solution File, Format Version 12.00
# Visual Studio Version 17
VisualStudioVersion = 17.1.32319.34
MinimumVisualStudioVersion = 10.0.40219.1
Project("{FAE04EC0-301F-11D3-BF4B-00C04F79EFBC}") = "Project", "Project.csproj", "{91EEE447-EBB1-4A0B-832B-806BF5393DC8}"
EndProject
Global
	GlobalSection(SolutionConfigurationPlatforms) = preSolution
		Debug|Any CPU = Debug|Any CPU
		Release|Any CPU = Release|Any CPU
	EndGlobalSection
	GlobalSection(ProjectConfigurationPlatforms) = postSolution
		{91EEE447-EBB1-4A0B-832B-806BF5393DC8}.Debug|Any CPU.ActiveCfg = Debug|Any CPU
		{91EEE447-EBB1-4A0B-832B-806BF5393DC8}.Debug|Any CPU.Build.0 = Debug|Any CPU
		{91EEE447-EBB1-4A0B-832B-806BF5393DC8}.Release|Any CPU.ActiveCfg = Release|Any CPU
		{91EEE447-EBB1-4A0B-832B-806BF5393DC8}.Release|Any CPU.Build.0 = Release|Any CPU
	EndGlobalSection
	GlobalSection(SolutionProperties) = preSolution
		HideSolutionNode = FALSE
	EndGlobalSection
	GlobalSection(ExtensibilityGlobals) = postSolution
		SolutionGuid = {DDEC22B1-CB3A-4252-A5F7-B2FEF56136DA}
	EndGlobalSection
EndGlobal
